
Microsoft Visual Studio Solution File, Format Version 12.00
# Visual Studio Version 16
VisualStudioVersion = 16.0.29519.87
MinimumVisualStudioVersion = 10.0.40219.1
Project("{9A19103F-16F7-4668-BE54-9A1E7A4F7556}") = "stocktaking2.Blazor", "stocktaking2.Blazor\stocktaking2.Blazor.csproj", "{C08BFDBB-5A3B-429C-BAF2-B632E6A45AB5}"
EndProject
Global
	GlobalSection(SolutionConfigurationPlatforms) = preSolution
		Debug|Any CPU = Debug|Any CPU
		Release|Any CPU = Release|Any CPU
	EndGlobalSection
	GlobalSection(ProjectConfigurationPlatforms) = postSolution
		{C08BFDBB-5A3B-429C-BAF2-B632E6A45AB5}.Debug|Any CPU.ActiveCfg = Debug|Any CPU
		{C08BFDBB-5A3B-429C-BAF2-B632E6A45AB5}.Debug|Any CPU.Build.0 = Debug|Any CPU
		{C08BFDBB-5A3B-429C-BAF2-B632E6A45AB5}.Release|Any CPU.ActiveCfg = Release|Any CPU
		{C08BFDBB-5A3B-429C-BAF2-B632E6A45AB5}.Release|Any CPU.Build.0 = Release|Any CPU
	EndGlobalSection
	GlobalSection(SolutionProperties) = preSolution
		HideSolutionNode = FALSE
	EndGlobalSection
	GlobalSection(ExtensibilityGlobals) = postSolution
		SolutionGuid = {2FD0537F-0B0E-459A-A734-9BC922B45259}
	EndGlobalSection
EndGlobal
